
Microsoft Visual Studio Solution File, Format Version 12.00
# Visual Studio 2013
VisualStudioVersion = 12.0.31101.0
MinimumVisualStudioVersion = 10.0.40219.1
Project("{FAE04EC0-301F-11D3-BF4B-00C04F79EFBC}") = "HomeControl", "HomeControl\HomeControl\HomeControl.csproj", "{C79C19B9-D62C-4892-A106-FE0B52B1D6E4}"
EndProject
Project("{FAE04EC0-301F-11D3-BF4B-00C04F79EFBC}") = "HomeControl.iOS", "HomeControl\HomeControl.iOS\HomeControl.iOS.csproj", "{C9A21643-7BD7-4B8D-91E3-52F1D96CA1AF}"
EndProject
Project("{FAE04EC0-301F-11D3-BF4B-00C04F79EFBC}") = "HomeControl.Droid", "HomeControl\HomeControl.Droid\HomeControl.Droid.csproj", "{4A09EEA0-718F-4D13-83CF-9EBF613DC1DF}"
EndProject
Project("{FAE04EC0-301F-11D3-BF4B-00C04F79EFBC}") = "HomeControl.WinPhone", "HomeControl\HomeControl.WinPhone\HomeControl.WinPhone.csproj", "{76855101-619B-44CA-B6EE-131435CF9004}"
EndProject
Project("{FAE04EC0-301F-11D3-BF4B-00C04F79EFBC}") = "HomeControl.WebApi", "HomeControl.WebApi\HomeControl.WebApi.csproj", "{71ACE679-B0B8-423F-AB1D-3F1541DBD96D}"
EndProject
Project("{FAE04EC0-301F-11D3-BF4B-00C04F79EFBC}") = "HomeControl.Models", "HomeControl.Models\HomeControl.Models.csproj", "{4CDEE834-BC6D-4BB7-9C00-9A1C5B6CDD9F}"
EndProject
Project("{2150E333-8FDC-42A3-9474-1A3956D46DE8}") = "Mobile", "Mobile", "{9F807C3D-9B30-4238-A0EF-641A083BCBBD}"
EndProject
Project("{2150E333-8FDC-42A3-9474-1A3956D46DE8}") = "Core", "Core", "{BD464171-D039-4172-BB6C-D80BFAB9E265}"
EndProject
Project("{FAE04EC0-301F-11D3-BF4B-00C04F79EFBC}") = "HomeControl.Core", "HomeControl.Core\HomeControl.Core.csproj", "{A99869A0-5B43-4F34-9BA1-532A6E75040A}"
EndProject
Global
	GlobalSection(SolutionConfigurationPlatforms) = preSolution
		Ad-Hoc|Any CPU = Ad-Hoc|Any CPU
		Ad-Hoc|ARM = Ad-Hoc|ARM
		Ad-Hoc|iPhone = Ad-Hoc|iPhone
		Ad-Hoc|iPhoneSimulator = Ad-Hoc|iPhoneSimulator
		Ad-Hoc|Mixed Platforms = Ad-Hoc|Mixed Platforms
		Ad-Hoc|x86 = Ad-Hoc|x86
		AppStore|Any CPU = AppStore|Any CPU
		AppStore|ARM = AppStore|ARM
		AppStore|iPhone = AppStore|iPhone
		AppStore|iPhoneSimulator = AppStore|iPhoneSimulator
		AppStore|Mixed Platforms = AppStore|Mixed Platforms
		AppStore|x86 = AppStore|x86
		Debug|Any CPU = Debug|Any CPU
		Debug|ARM = Debug|ARM
		Debug|iPhone = Debug|iPhone
		Debug|iPhoneSimulator = Debug|iPhoneSimulator
		Debug|Mixed Platforms = Debug|Mixed Platforms
		Debug|x86 = Debug|x86
		Release|Any CPU = Release|Any CPU
		Release|ARM = Release|ARM
		Release|iPhone = Release|iPhone
		Release|iPhoneSimulator = Release|iPhoneSimulator
		Release|Mixed Platforms = Release|Mixed Platforms
		Release|x86 = Release|x86
	EndGlobalSection
	GlobalSection(ProjectConfigurationPlatforms) = postSolution
		{C79C19B9-D62C-4892-A106-FE0B52B1D6E4}.Ad-Hoc|Any CPU.ActiveCfg = Release|Any CPU
		{C79C19B9-D62C-4892-A106-FE0B52B1D6E4}.Ad-Hoc|Any CPU.Build.0 = Release|Any CPU
		{C79C19B9-D62C-4892-A106-FE0B52B1D6E4}.Ad-Hoc|ARM.ActiveCfg = Release|Any CPU
		{C79C19B9-D62C-4892-A106-FE0B52B1D6E4}.Ad-Hoc|iPhone.ActiveCfg = Release|Any CPU
		{C79C19B9-D62C-4892-A106-FE0B52B1D6E4}.Ad-Hoc|iPhoneSimulator.ActiveCfg = Release|Any CPU
		{C79C19B9-D62C-4892-A106-FE0B52B1D6E4}.Ad-Hoc|Mixed Platforms.ActiveCfg = Release|Any CPU
		{C79C19B9-D62C-4892-A106-FE0B52B1D6E4}.Ad-Hoc|Mixed Platforms.Build.0 = Release|Any CPU
		{C79C19B9-D62C-4892-A106-FE0B52B1D6E4}.Ad-Hoc|x86.ActiveCfg = Release|Any CPU
		{C79C19B9-D62C-4892-A106-FE0B52B1D6E4}.AppStore|Any CPU.ActiveCfg = Release|Any CPU
		{C79C19B9-D62C-4892-A106-FE0B52B1D6E4}.AppStore|Any CPU.Build.0 = Release|Any CPU
		{C79C19B9-D62C-4892-A106-FE0B52B1D6E4}.AppStore|ARM.ActiveCfg = Release|Any CPU
		{C79C19B9-D62C-4892-A106-FE0B52B1D6E4}.AppStore|iPhone.ActiveCfg = Release|Any CPU
		{C79C19B9-D62C-4892-A106-FE0B52B1D6E4}.AppStore|iPhoneSimulator.ActiveCfg = Release|Any CPU
		{C79C19B9-D62C-4892-A106-FE0B52B1D6E4}.AppStore|Mixed Platforms.ActiveCfg = Release|Any CPU
		{C79C19B9-D62C-4892-A106-FE0B52B1D6E4}.AppStore|Mixed Platforms.Build.0 = Release|Any CPU
		{C79C19B9-D62C-4892-A106-FE0B52B1D6E4}.AppStore|x86.ActiveCfg = Release|Any CPU
		{C79C19B9-D62C-4892-A106-FE0B52B1D6E4}.Debug|Any CPU.ActiveCfg = Debug|Any CPU
		{C79C19B9-D62C-4892-A106-FE0B52B1D6E4}.Debug|Any CPU.Build.0 = Debug|Any CPU
		{C79C19B9-D62C-4892-A106-FE0B52B1D6E4}.Debug|ARM.ActiveCfg = Debug|Any CPU
		{C79C19B9-D62C-4892-A106-FE0B52B1D6E4}.Debug|iPhone.ActiveCfg = Debug|Any CPU
		{C79C19B9-D62C-4892-A106-FE0B52B1D6E4}.Debug|iPhoneSimulator.ActiveCfg = Debug|Any CPU
		{C79C19B9-D62C-4892-A106-FE0B52B1D6E4}.Debug|Mixed Platforms.ActiveCfg = Debug|Any CPU
		{C79C19B9-D62C-4892-A106-FE0B52B1D6E4}.Debug|Mixed Platforms.Build.0 = Debug|Any CPU
		{C79C19B9-D62C-4892-A106-FE0B52B1D6E4}.Debug|x86.ActiveCfg = Debug|Any CPU
		{C79C19B9-D62C-4892-A106-FE0B52B1D6E4}.Release|Any CPU.ActiveCfg = Release|Any CPU
		{C79C19B9-D62C-4892-A106-FE0B52B1D6E4}.Release|Any CPU.Build.0 = Release|Any CPU
		{C79C19B9-D62C-4892-A106-FE0B52B1D6E4}.Release|ARM.ActiveCfg = Release|Any CPU
		{C79C19B9-D62C-4892-A106-FE0B52B1D6E4}.Release|iPhone.ActiveCfg = Release|Any CPU
		{C79C19B9-D62C-4892-A106-FE0B52B1D6E4}.Release|iPhoneSimulator.ActiveCfg = Release|Any CPU
		{C79C19B9-D62C-4892-A106-FE0B52B1D6E4}.Release|Mixed Platforms.ActiveCfg = Release|Any CPU
		{C79C19B9-D62C-4892-A106-FE0B52B1D6E4}.Release|Mixed Platforms.Build.0 = Release|Any CPU
		{C79C19B9-D62C-4892-A106-FE0B52B1D6E4}.Release|x86.ActiveCfg = Release|Any CPU
		{C9A21643-7BD7-4B8D-91E3-52F1D96CA1AF}.Ad-Hoc|Any CPU.ActiveCfg = Ad-Hoc|iPhone
		{C9A21643-7BD7-4B8D-91E3-52F1D96CA1AF}.Ad-Hoc|ARM.ActiveCfg = Ad-Hoc|iPhone
		{C9A21643-7BD7-4B8D-91E3-52F1D96CA1AF}.Ad-Hoc|iPhone.ActiveCfg = Ad-Hoc|iPhone
		{C9A21643-7BD7-4B8D-91E3-52F1D96CA1AF}.Ad-Hoc|iPhone.Build.0 = Ad-Hoc|iPhone
		{C9A21643-7BD7-4B8D-91E3-52F1D96CA1AF}.Ad-Hoc|iPhoneSimulator.ActiveCfg = Ad-Hoc|iPhoneSimulator
		{C9A21643-7BD7-4B8D-91E3-52F1D96CA1AF}.Ad-Hoc|iPhoneSimulator.Build.0 = Ad-Hoc|iPhoneSimulator
		{C9A21643-7BD7-4B8D-91E3-52F1D96CA1AF}.Ad-Hoc|Mixed Platforms.ActiveCfg = Ad-Hoc|iPhone
		{C9A21643-7BD7-4B8D-91E3-52F1D96CA1AF}.Ad-Hoc|Mixed Platforms.Build.0 = Ad-Hoc|iPhone
		{C9A21643-7BD7-4B8D-91E3-52F1D96CA1AF}.Ad-Hoc|x86.ActiveCfg = Ad-Hoc|iPhone
		{C9A21643-7BD7-4B8D-91E3-52F1D96CA1AF}.AppStore|Any CPU.ActiveCfg = AppStore|iPhone
		{C9A21643-7BD7-4B8D-91E3-52F1D96CA1AF}.AppStore|ARM.ActiveCfg = AppStore|iPhone
		{C9A21643-7BD7-4B8D-91E3-52F1D96CA1AF}.AppStore|iPhone.ActiveCfg = AppStore|iPhone
		{C9A21643-7BD7-4B8D-91E3-52F1D96CA1AF}.AppStore|iPhone.Build.0 = AppStore|iPhone
		{C9A21643-7BD7-4B8D-91E3-52F1D96CA1AF}.AppStore|iPhoneSimulator.ActiveCfg = AppStore|iPhoneSimulator
		{C9A21643-7BD7-4B8D-91E3-52F1D96CA1AF}.AppStore|iPhoneSimulator.Build.0 = AppStore|iPhoneSimulator
		{C9A21643-7BD7-4B8D-91E3-52F1D96CA1AF}.AppStore|Mixed Platforms.ActiveCfg = AppStore|iPhone
		{C9A21643-7BD7-4B8D-91E3-52F1D96CA1AF}.AppStore|Mixed Platforms.Build.0 = AppStore|iPhone
		{C9A21643-7BD7-4B8D-91E3-52F1D96CA1AF}.AppStore|x86.ActiveCfg = AppStore|iPhone
		{C9A21643-7BD7-4B8D-91E3-52F1D96CA1AF}.Debug|Any CPU.ActiveCfg = Debug|iPhone
		{C9A21643-7BD7-4B8D-91E3-52F1D96CA1AF}.Debug|ARM.ActiveCfg = Debug|iPhone
		{C9A21643-7BD7-4B8D-91E3-52F1D96CA1AF}.Debug|iPhone.ActiveCfg = Debug|iPhone
		{C9A21643-7BD7-4B8D-91E3-52F1D96CA1AF}.Debug|iPhone.Build.0 = Debug|iPhone
		{C9A21643-7BD7-4B8D-91E3-52F1D96CA1AF}.Debug|iPhoneSimulator.ActiveCfg = Debug|iPhoneSimulator
		{C9A21643-7BD7-4B8D-91E3-52F1D96CA1AF}.Debug|iPhoneSimulator.Build.0 = Debug|iPhoneSimulator
		{C9A21643-7BD7-4B8D-91E3-52F1D96CA1AF}.Debug|Mixed Platforms.ActiveCfg = Debug|iPhone
		{C9A21643-7BD7-4B8D-91E3-52F1D96CA1AF}.Debug|Mixed Platforms.Build.0 = Debug|iPhone
		{C9A21643-7BD7-4B8D-91E3-52F1D96CA1AF}.Debug|x86.ActiveCfg = Debug|iPhone
		{C9A21643-7BD7-4B8D-91E3-52F1D96CA1AF}.Release|Any CPU.ActiveCfg = Release|iPhone
		{C9A21643-7BD7-4B8D-91E3-52F1D96CA1AF}.Release|ARM.ActiveCfg = Release|iPhone
		{C9A21643-7BD7-4B8D-91E3-52F1D96CA1AF}.Release|iPhone.ActiveCfg = Release|iPhone
		{C9A21643-7BD7-4B8D-91E3-52F1D96CA1AF}.Release|iPhone.Build.0 = Release|iPhone
		{C9A21643-7BD7-4B8D-91E3-52F1D96CA1AF}.Release|iPhoneSimulator.ActiveCfg = Release|iPhoneSimulator
		{C9A21643-7BD7-4B8D-91E3-52F1D96CA1AF}.Release|iPhoneSimulator.Build.0 = Release|iPhoneSimulator
		{C9A21643-7BD7-4B8D-91E3-52F1D96CA1AF}.Release|Mixed Platforms.ActiveCfg = Release|iPhone
		{C9A21643-7BD7-4B8D-91E3-52F1D96CA1AF}.Release|Mixed Platforms.Build.0 = Release|iPhone
		{C9A21643-7BD7-4B8D-91E3-52F1D96CA1AF}.Release|x86.ActiveCfg = Release|iPhone
		{4A09EEA0-718F-4D13-83CF-9EBF613DC1DF}.Ad-Hoc|Any CPU.ActiveCfg = Release|Any CPU
		{4A09EEA0-718F-4D13-83CF-9EBF613DC1DF}.Ad-Hoc|Any CPU.Build.0 = Release|Any CPU
		{4A09EEA0-718F-4D13-83CF-9EBF613DC1DF}.Ad-Hoc|Any CPU.Deploy.0 = Release|Any CPU
		{4A09EEA0-718F-4D13-83CF-9EBF613DC1DF}.Ad-Hoc|ARM.ActiveCfg = Release|Any CPU
		{4A09EEA0-718F-4D13-83CF-9EBF613DC1DF}.Ad-Hoc|iPhone.ActiveCfg = Release|Any CPU
		{4A09EEA0-718F-4D13-83CF-9EBF613DC1DF}.Ad-Hoc|iPhoneSimulator.ActiveCfg = Release|Any CPU
		{4A09EEA0-718F-4D13-83CF-9EBF613DC1DF}.Ad-Hoc|Mixed Platforms.ActiveCfg = Release|Any CPU
		{4A09EEA0-718F-4D13-83CF-9EBF613DC1DF}.Ad-Hoc|Mixed Platforms.Build.0 = Release|Any CPU
		{4A09EEA0-718F-4D13-83CF-9EBF613DC1DF}.Ad-Hoc|Mixed Platforms.Deploy.0 = Release|Any CPU
		{4A09EEA0-718F-4D13-83CF-9EBF613DC1DF}.Ad-Hoc|x86.ActiveCfg = Release|Any CPU
		{4A09EEA0-718F-4D13-83CF-9EBF613DC1DF}.AppStore|Any CPU.ActiveCfg = Release|Any CPU
		{4A09EEA0-718F-4D13-83CF-9EBF613DC1DF}.AppStore|Any CPU.Build.0 = Release|Any CPU
		{4A09EEA0-718F-4D13-83CF-9EBF613DC1DF}.AppStore|Any CPU.Deploy.0 = Release|Any CPU
		{4A09EEA0-718F-4D13-83CF-9EBF613DC1DF}.AppStore|ARM.ActiveCfg = Release|Any CPU
		{4A09EEA0-718F-4D13-83CF-9EBF613DC1DF}.AppStore|iPhone.ActiveCfg = Release|Any CPU
		{4A09EEA0-718F-4D13-83CF-9EBF613DC1DF}.AppStore|iPhoneSimulator.ActiveCfg = Release|Any CPU
		{4A09EEA0-718F-4D13-83CF-9EBF613DC1DF}.AppStore|Mixed Platforms.ActiveCfg = Release|Any CPU
		{4A09EEA0-718F-4D13-83CF-9EBF613DC1DF}.AppStore|Mixed Platforms.Build.0 = Release|Any CPU
		{4A09EEA0-718F-4D13-83CF-9EBF613DC1DF}.AppStore|Mixed Platforms.Deploy.0 = Release|Any CPU
		{4A09EEA0-718F-4D13-83CF-9EBF613DC1DF}.AppStore|x86.ActiveCfg = Release|Any CPU
		{4A09EEA0-718F-4D13-83CF-9EBF613DC1DF}.Debug|Any CPU.ActiveCfg = Debug|Any CPU
		{4A09EEA0-718F-4D13-83CF-9EBF613DC1DF}.Debug|Any CPU.Build.0 = Debug|Any CPU
		{4A09EEA0-718F-4D13-83CF-9EBF613DC1DF}.Debug|Any CPU.Deploy.0 = Debug|Any CPU
		{4A09EEA0-718F-4D13-83CF-9EBF613DC1DF}.Debug|ARM.ActiveCfg = Debug|Any CPU
		{4A09EEA0-718F-4D13-83CF-9EBF613DC1DF}.Debug|iPhone.ActiveCfg = Debug|Any CPU
		{4A09EEA0-718F-4D13-83CF-9EBF613DC1DF}.Debug|iPhoneSimulator.ActiveCfg = Debug|Any CPU
		{4A09EEA0-718F-4D13-83CF-9EBF613DC1DF}.Debug|Mixed Platforms.ActiveCfg = Debug|Any CPU
		{4A09EEA0-718F-4D13-83CF-9EBF613DC1DF}.Debug|Mixed Platforms.Build.0 = Debug|Any CPU
		{4A09EEA0-718F-4D13-83CF-9EBF613DC1DF}.Debug|Mixed Platforms.Deploy.0 = Debug|Any CPU
		{4A09EEA0-718F-4D13-83CF-9EBF613DC1DF}.Debug|x86.ActiveCfg = Debug|Any CPU
		{4A09EEA0-718F-4D13-83CF-9EBF613DC1DF}.Release|Any CPU.ActiveCfg = Release|Any CPU
		{4A09EEA0-718F-4D13-83CF-9EBF613DC1DF}.Release|Any CPU.Build.0 = Release|Any CPU
		{4A09EEA0-718F-4D13-83CF-9EBF613DC1DF}.Release|Any CPU.Deploy.0 = Release|Any CPU
		{4A09EEA0-718F-4D13-83CF-9EBF613DC1DF}.Release|ARM.ActiveCfg = Release|Any CPU
		{4A09EEA0-718F-4D13-83CF-9EBF613DC1DF}.Release|iPhone.ActiveCfg = Release|Any CPU
		{4A09EEA0-718F-4D13-83CF-9EBF613DC1DF}.Release|iPhoneSimulator.ActiveCfg = Release|Any CPU
		{4A09EEA0-718F-4D13-83CF-9EBF613DC1DF}.Release|Mixed Platforms.ActiveCfg = Release|Any CPU
		{4A09EEA0-718F-4D13-83CF-9EBF613DC1DF}.Release|Mixed Platforms.Build.0 = Release|Any CPU
		{4A09EEA0-718F-4D13-83CF-9EBF613DC1DF}.Release|Mixed Platforms.Deploy.0 = Release|Any CPU
		{4A09EEA0-718F-4D13-83CF-9EBF613DC1DF}.Release|x86.ActiveCfg = Release|Any CPU
		{76855101-619B-44CA-B6EE-131435CF9004}.Ad-Hoc|Any CPU.ActiveCfg = Release|Any CPU
		{76855101-619B-44CA-B6EE-131435CF9004}.Ad-Hoc|Any CPU.Build.0 = Release|Any CPU
		{76855101-619B-44CA-B6EE-131435CF9004}.Ad-Hoc|Any CPU.Deploy.0 = Release|Any CPU
		{76855101-619B-44CA-B6EE-131435CF9004}.Ad-Hoc|ARM.ActiveCfg = Release|ARM
		{76855101-619B-44CA-B6EE-131435CF9004}.Ad-Hoc|ARM.Build.0 = Release|ARM
		{76855101-619B-44CA-B6EE-131435CF9004}.Ad-Hoc|ARM.Deploy.0 = Release|ARM
		{76855101-619B-44CA-B6EE-131435CF9004}.Ad-Hoc|iPhone.ActiveCfg = Release|Any CPU
		{76855101-619B-44CA-B6EE-131435CF9004}.Ad-Hoc|iPhoneSimulator.ActiveCfg = Release|Any CPU
		{76855101-619B-44CA-B6EE-131435CF9004}.Ad-Hoc|Mixed Platforms.ActiveCfg = Release|x86
		{76855101-619B-44CA-B6EE-131435CF9004}.Ad-Hoc|Mixed Platforms.Build.0 = Release|x86
		{76855101-619B-44CA-B6EE-131435CF9004}.Ad-Hoc|Mixed Platforms.Deploy.0 = Release|x86
		{76855101-619B-44CA-B6EE-131435CF9004}.Ad-Hoc|x86.ActiveCfg = Release|x86
		{76855101-619B-44CA-B6EE-131435CF9004}.Ad-Hoc|x86.Build.0 = Release|x86
		{76855101-619B-44CA-B6EE-131435CF9004}.Ad-Hoc|x86.Deploy.0 = Release|x86
		{76855101-619B-44CA-B6EE-131435CF9004}.AppStore|Any CPU.ActiveCfg = Release|Any CPU
		{76855101-619B-44CA-B6EE-131435CF9004}.AppStore|Any CPU.Build.0 = Release|Any CPU
		{76855101-619B-44CA-B6EE-131435CF9004}.AppStore|Any CPU.Deploy.0 = Release|Any CPU
		{76855101-619B-44CA-B6EE-131435CF9004}.AppStore|ARM.ActiveCfg = Release|ARM
		{76855101-619B-44CA-B6EE-131435CF9004}.AppStore|ARM.Build.0 = Release|ARM
		{76855101-619B-44CA-B6EE-131435CF9004}.AppStore|ARM.Deploy.0 = Release|ARM
		{76855101-619B-44CA-B6EE-131435CF9004}.AppStore|iPhone.ActiveCfg = Release|Any CPU
		{76855101-619B-44CA-B6EE-131435CF9004}.AppStore|iPhoneSimulator.ActiveCfg = Release|Any CPU
		{76855101-619B-44CA-B6EE-131435CF9004}.AppStore|Mixed Platforms.ActiveCfg = Release|x86
		{76855101-619B-44CA-B6EE-131435CF9004}.AppStore|Mixed Platforms.Build.0 = Release|x86
		{76855101-619B-44CA-B6EE-131435CF9004}.AppStore|Mixed Platforms.Deploy.0 = Release|x86
		{76855101-619B-44CA-B6EE-131435CF9004}.AppStore|x86.ActiveCfg = Release|x86
		{76855101-619B-44CA-B6EE-131435CF9004}.AppStore|x86.Build.0 = Release|x86
		{76855101-619B-44CA-B6EE-131435CF9004}.AppStore|x86.Deploy.0 = Release|x86
		{76855101-619B-44CA-B6EE-131435CF9004}.Debug|Any CPU.ActiveCfg = Debug|Any CPU
		{76855101-619B-44CA-B6EE-131435CF9004}.Debug|Any CPU.Build.0 = Debug|Any CPU
		{76855101-619B-44CA-B6EE-131435CF9004}.Debug|Any CPU.Deploy.0 = Debug|Any CPU
		{76855101-619B-44CA-B6EE-131435CF9004}.Debug|ARM.ActiveCfg = Debug|ARM
		{76855101-619B-44CA-B6EE-131435CF9004}.Debug|ARM.Build.0 = Debug|ARM
		{76855101-619B-44CA-B6EE-131435CF9004}.Debug|ARM.Deploy.0 = Debug|ARM
		{76855101-619B-44CA-B6EE-131435CF9004}.Debug|iPhone.ActiveCfg = Debug|Any CPU
		{76855101-619B-44CA-B6EE-131435CF9004}.Debug|iPhoneSimulator.ActiveCfg = Debug|Any CPU
		{76855101-619B-44CA-B6EE-131435CF9004}.Debug|Mixed Platforms.ActiveCfg = Debug|x86
		{76855101-619B-44CA-B6EE-131435CF9004}.Debug|Mixed Platforms.Build.0 = Debug|x86
		{76855101-619B-44CA-B6EE-131435CF9004}.Debug|Mixed Platforms.Deploy.0 = Debug|x86
		{76855101-619B-44CA-B6EE-131435CF9004}.Debug|x86.ActiveCfg = Debug|x86
		{76855101-619B-44CA-B6EE-131435CF9004}.Debug|x86.Build.0 = Debug|x86
		{76855101-619B-44CA-B6EE-131435CF9004}.Debug|x86.Deploy.0 = Debug|x86
		{76855101-619B-44CA-B6EE-131435CF9004}.Release|Any CPU.ActiveCfg = Release|Any CPU
		{76855101-619B-44CA-B6EE-131435CF9004}.Release|Any CPU.Build.0 = Release|Any CPU
		{76855101-619B-44CA-B6EE-131435CF9004}.Release|Any CPU.Deploy.0 = Release|Any CPU
		{76855101-619B-44CA-B6EE-131435CF9004}.Release|ARM.ActiveCfg = Release|ARM
		{76855101-619B-44CA-B6EE-131435CF9004}.Release|ARM.Build.0 = Release|ARM
		{76855101-619B-44CA-B6EE-131435CF9004}.Release|ARM.Deploy.0 = Release|ARM
		{76855101-619B-44CA-B6EE-131435CF9004}.Release|iPhone.ActiveCfg = Release|Any CPU
		{76855101-619B-44CA-B6EE-131435CF9004}.Release|iPhoneSimulator.ActiveCfg = Release|Any CPU
		{76855101-619B-44CA-B6EE-131435CF9004}.Release|Mixed Platforms.ActiveCfg = Release|x86
		{76855101-619B-44CA-B6EE-131435CF9004}.Release|Mixed Platforms.Build.0 = Release|x86
		{76855101-619B-44CA-B6EE-131435CF9004}.Release|Mixed Platforms.Deploy.0 = Release|x86
		{76855101-619B-44CA-B6EE-131435CF9004}.Release|x86.ActiveCfg = Release|x86
		{76855101-619B-44CA-B6EE-131435CF9004}.Release|x86.Build.0 = Release|x86
		{76855101-619B-44CA-B6EE-131435CF9004}.Release|x86.Deploy.0 = Release|x86
		{71ACE679-B0B8-423F-AB1D-3F1541DBD96D}.Ad-Hoc|Any CPU.ActiveCfg = Release|Any CPU
		{71ACE679-B0B8-423F-AB1D-3F1541DBD96D}.Ad-Hoc|Any CPU.Build.0 = Release|Any CPU
		{71ACE679-B0B8-423F-AB1D-3F1541DBD96D}.Ad-Hoc|ARM.ActiveCfg = Release|Any CPU
		{71ACE679-B0B8-423F-AB1D-3F1541DBD96D}.Ad-Hoc|iPhone.ActiveCfg = Release|Any CPU
		{71ACE679-B0B8-423F-AB1D-3F1541DBD96D}.Ad-Hoc|iPhoneSimulator.ActiveCfg = Release|Any CPU
		{71ACE679-B0B8-423F-AB1D-3F1541DBD96D}.Ad-Hoc|Mixed Platforms.ActiveCfg = Release|Any CPU
		{71ACE679-B0B8-423F-AB1D-3F1541DBD96D}.Ad-Hoc|Mixed Platforms.Build.0 = Release|Any CPU
		{71ACE679-B0B8-423F-AB1D-3F1541DBD96D}.Ad-Hoc|x86.ActiveCfg = Release|Any CPU
		{71ACE679-B0B8-423F-AB1D-3F1541DBD96D}.AppStore|Any CPU.ActiveCfg = Release|Any CPU
		{71ACE679-B0B8-423F-AB1D-3F1541DBD96D}.AppStore|Any CPU.Build.0 = Release|Any CPU
		{71ACE679-B0B8-423F-AB1D-3F1541DBD96D}.AppStore|ARM.ActiveCfg = Release|Any CPU
		{71ACE679-B0B8-423F-AB1D-3F1541DBD96D}.AppStore|iPhone.ActiveCfg = Release|Any CPU
		{71ACE679-B0B8-423F-AB1D-3F1541DBD96D}.AppStore|iPhoneSimulator.ActiveCfg = Release|Any CPU
		{71ACE679-B0B8-423F-AB1D-3F1541DBD96D}.AppStore|Mixed Platforms.ActiveCfg = Release|Any CPU
		{71ACE679-B0B8-423F-AB1D-3F1541DBD96D}.AppStore|Mixed Platforms.Build.0 = Release|Any CPU
		{71ACE679-B0B8-423F-AB1D-3F1541DBD96D}.AppStore|x86.ActiveCfg = Release|Any CPU
		{71ACE679-B0B8-423F-AB1D-3F1541DBD96D}.Debug|Any CPU.ActiveCfg = Debug|Any CPU
		{71ACE679-B0B8-423F-AB1D-3F1541DBD96D}.Debug|Any CPU.Build.0 = Debug|Any CPU
		{71ACE679-B0B8-423F-AB1D-3F1541DBD96D}.Debug|ARM.ActiveCfg = Debug|Any CPU
		{71ACE679-B0B8-423F-AB1D-3F1541DBD96D}.Debug|iPhone.ActiveCfg = Debug|Any CPU
		{71ACE679-B0B8-423F-AB1D-3F1541DBD96D}.Debug|iPhoneSimulator.ActiveCfg = Debug|Any CPU
		{71ACE679-B0B8-423F-AB1D-3F1541DBD96D}.Debug|Mixed Platforms.ActiveCfg = Debug|Any CPU
		{71ACE679-B0B8-423F-AB1D-3F1541DBD96D}.Debug|Mixed Platforms.Build.0 = Debug|Any CPU
		{71ACE679-B0B8-423F-AB1D-3F1541DBD96D}.Debug|x86.ActiveCfg = Debug|Any CPU
		{71ACE679-B0B8-423F-AB1D-3F1541DBD96D}.Release|Any CPU.ActiveCfg = Release|Any CPU
		{71ACE679-B0B8-423F-AB1D-3F1541DBD96D}.Release|Any CPU.Build.0 = Release|Any CPU
		{71ACE679-B0B8-423F-AB1D-3F1541DBD96D}.Release|ARM.ActiveCfg = Release|Any CPU
		{71ACE679-B0B8-423F-AB1D-3F1541DBD96D}.Release|iPhone.ActiveCfg = Release|Any CPU
		{71ACE679-B0B8-423F-AB1D-3F1541DBD96D}.Release|iPhoneSimulator.ActiveCfg = Release|Any CPU
		{71ACE679-B0B8-423F-AB1D-3F1541DBD96D}.Release|Mixed Platforms.ActiveCfg = Release|Any CPU
		{71ACE679-B0B8-423F-AB1D-3F1541DBD96D}.Release|Mixed Platforms.Build.0 = Release|Any CPU
		{71ACE679-B0B8-423F-AB1D-3F1541DBD96D}.Release|x86.ActiveCfg = Release|Any CPU
		{4CDEE834-BC6D-4BB7-9C00-9A1C5B6CDD9F}.Ad-Hoc|Any CPU.ActiveCfg = Release|Any CPU
		{4CDEE834-BC6D-4BB7-9C00-9A1C5B6CDD9F}.Ad-Hoc|Any CPU.Build.0 = Release|Any CPU
		{4CDEE834-BC6D-4BB7-9C00-9A1C5B6CDD9F}.Ad-Hoc|ARM.ActiveCfg = Release|Any CPU
		{4CDEE834-BC6D-4BB7-9C00-9A1C5B6CDD9F}.Ad-Hoc|iPhone.ActiveCfg = Release|Any CPU
		{4CDEE834-BC6D-4BB7-9C00-9A1C5B6CDD9F}.Ad-Hoc|iPhoneSimulator.ActiveCfg = Release|Any CPU
		{4CDEE834-BC6D-4BB7-9C00-9A1C5B6CDD9F}.Ad-Hoc|Mixed Platforms.ActiveCfg = Release|Any CPU
		{4CDEE834-BC6D-4BB7-9C00-9A1C5B6CDD9F}.Ad-Hoc|Mixed Platforms.Build.0 = Release|Any CPU
		{4CDEE834-BC6D-4BB7-9C00-9A1C5B6CDD9F}.Ad-Hoc|x86.ActiveCfg = Release|Any CPU
		{4CDEE834-BC6D-4BB7-9C00-9A1C5B6CDD9F}.AppStore|Any CPU.ActiveCfg = Release|Any CPU
		{4CDEE834-BC6D-4BB7-9C00-9A1C5B6CDD9F}.AppStore|Any CPU.Build.0 = Release|Any CPU
		{4CDEE834-BC6D-4BB7-9C00-9A1C5B6CDD9F}.AppStore|ARM.ActiveCfg = Release|Any CPU
		{4CDEE834-BC6D-4BB7-9C00-9A1C5B6CDD9F}.AppStore|iPhone.ActiveCfg = Release|Any CPU
		{4CDEE834-BC6D-4BB7-9C00-9A1C5B6CDD9F}.AppStore|iPhoneSimulator.ActiveCfg = Release|Any CPU
		{4CDEE834-BC6D-4BB7-9C00-9A1C5B6CDD9F}.AppStore|Mixed Platforms.ActiveCfg = Release|Any CPU
		{4CDEE834-BC6D-4BB7-9C00-9A1C5B6CDD9F}.AppStore|Mixed Platforms.Build.0 = Release|Any CPU
		{4CDEE834-BC6D-4BB7-9C00-9A1C5B6CDD9F}.AppStore|x86.ActiveCfg = Release|Any CPU
		{4CDEE834-BC6D-4BB7-9C00-9A1C5B6CDD9F}.Debug|Any CPU.ActiveCfg = Debug|Any CPU
		{4CDEE834-BC6D-4BB7-9C00-9A1C5B6CDD9F}.Debug|Any CPU.Build.0 = Debug|Any CPU
		{4CDEE834-BC6D-4BB7-9C00-9A1C5B6CDD9F}.Debug|ARM.ActiveCfg = Debug|Any CPU
		{4CDEE834-BC6D-4BB7-9C00-9A1C5B6CDD9F}.Debug|iPhone.ActiveCfg = Debug|Any CPU
		{4CDEE834-BC6D-4BB7-9C00-9A1C5B6CDD9F}.Debug|iPhoneSimulator.ActiveCfg = Debug|Any CPU
		{4CDEE834-BC6D-4BB7-9C00-9A1C5B6CDD9F}.Debug|Mixed Platforms.ActiveCfg = Debug|Any CPU
		{4CDEE834-BC6D-4BB7-9C00-9A1C5B6CDD9F}.Debug|Mixed Platforms.Build.0 = Debug|Any CPU
		{4CDEE834-BC6D-4BB7-9C00-9A1C5B6CDD9F}.Debug|x86.ActiveCfg = Debug|Any CPU
		{4CDEE834-BC6D-4BB7-9C00-9A1C5B6CDD9F}.Release|Any CPU.ActiveCfg = Release|Any CPU
		{4CDEE834-BC6D-4BB7-9C00-9A1C5B6CDD9F}.Release|Any CPU.Build.0 = Release|Any CPU
		{4CDEE834-BC6D-4BB7-9C00-9A1C5B6CDD9F}.Release|ARM.ActiveCfg = Release|Any CPU
		{4CDEE834-BC6D-4BB7-9C00-9A1C5B6CDD9F}.Release|iPhone.ActiveCfg = Release|Any CPU
		{4CDEE834-BC6D-4BB7-9C00-9A1C5B6CDD9F}.Release|iPhoneSimulator.ActiveCfg = Release|Any CPU
		{4CDEE834-BC6D-4BB7-9C00-9A1C5B6CDD9F}.Release|Mixed Platforms.ActiveCfg = Release|Any CPU
		{4CDEE834-BC6D-4BB7-9C00-9A1C5B6CDD9F}.Release|Mixed Platforms.Build.0 = Release|Any CPU
		{4CDEE834-BC6D-4BB7-9C00-9A1C5B6CDD9F}.Release|x86.ActiveCfg = Release|Any CPU
		{A99869A0-5B43-4F34-9BA1-532A6E75040A}.Ad-Hoc|Any CPU.ActiveCfg = Release|Any CPU
		{A99869A0-5B43-4F34-9BA1-532A6E75040A}.Ad-Hoc|Any CPU.Build.0 = Release|Any CPU
		{A99869A0-5B43-4F34-9BA1-532A6E75040A}.Ad-Hoc|ARM.ActiveCfg = Release|Any CPU
		{A99869A0-5B43-4F34-9BA1-532A6E75040A}.Ad-Hoc|iPhone.ActiveCfg = Release|Any CPU
		{A99869A0-5B43-4F34-9BA1-532A6E75040A}.Ad-Hoc|iPhoneSimulator.ActiveCfg = Release|Any CPU
		{A99869A0-5B43-4F34-9BA1-532A6E75040A}.Ad-Hoc|Mixed Platforms.ActiveCfg = Release|Any CPU
		{A99869A0-5B43-4F34-9BA1-532A6E75040A}.Ad-Hoc|Mixed Platforms.Build.0 = Release|Any CPU
		{A99869A0-5B43-4F34-9BA1-532A6E75040A}.Ad-Hoc|x86.ActiveCfg = Release|Any CPU
		{A99869A0-5B43-4F34-9BA1-532A6E75040A}.AppStore|Any CPU.ActiveCfg = Release|Any CPU
		{A99869A0-5B43-4F34-9BA1-532A6E75040A}.AppStore|Any CPU.Build.0 = Release|Any CPU
		{A99869A0-5B43-4F34-9BA1-532A6E75040A}.AppStore|ARM.ActiveCfg = Release|Any CPU
		{A99869A0-5B43-4F34-9BA1-532A6E75040A}.AppStore|iPhone.ActiveCfg = Release|Any CPU
		{A99869A0-5B43-4F34-9BA1-532A6E75040A}.AppStore|iPhoneSimulator.ActiveCfg = Release|Any CPU
		{A99869A0-5B43-4F34-9BA1-532A6E75040A}.AppStore|Mixed Platforms.ActiveCfg = Release|Any CPU
		{A99869A0-5B43-4F34-9BA1-532A6E75040A}.AppStore|Mixed Platforms.Build.0 = Release|Any CPU
		{A99869A0-5B43-4F34-9BA1-532A6E75040A}.AppStore|x86.ActiveCfg = Release|Any CPU
		{A99869A0-5B43-4F34-9BA1-532A6E75040A}.Debug|Any CPU.ActiveCfg = Debug|Any CPU
		{A99869A0-5B43-4F34-9BA1-532A6E75040A}.Debug|Any CPU.Build.0 = Debug|Any CPU
		{A99869A0-5B43-4F34-9BA1-532A6E75040A}.Debug|ARM.ActiveCfg = Debug|Any CPU
		{A99869A0-5B43-4F34-9BA1-532A6E75040A}.Debug|iPhone.ActiveCfg = Debug|Any CPU
		{A99869A0-5B43-4F34-9BA1-532A6E75040A}.Debug|iPhoneSimulator.ActiveCfg = Debug|Any CPU
		{A99869A0-5B43-4F34-9BA1-532A6E75040A}.Debug|Mixed Platforms.ActiveCfg = Debug|Any CPU
		{A99869A0-5B43-4F34-9BA1-532A6E75040A}.Debug|Mixed Platforms.Build.0 = Debug|Any CPU
		{A99869A0-5B43-4F34-9BA1-532A6E75040A}.Debug|x86.ActiveCfg = Debug|Any CPU
		{A99869A0-5B43-4F34-9BA1-532A6E75040A}.Release|Any CPU.ActiveCfg = Release|Any CPU
		{A99869A0-5B43-4F34-9BA1-532A6E75040A}.Release|Any CPU.Build.0 = Release|Any CPU
		{A99869A0-5B43-4F34-9BA1-532A6E75040A}.Release|ARM.ActiveCfg = Release|Any CPU
		{A99869A0-5B43-4F34-9BA1-532A6E75040A}.Release|iPhone.ActiveCfg = Release|Any CPU
		{A99869A0-5B43-4F34-9BA1-532A6E75040A}.Release|iPhoneSimulator.ActiveCfg = Release|Any CPU
		{A99869A0-5B43-4F34-9BA1-532A6E75040A}.Release|Mixed Platforms.ActiveCfg = Release|Any CPU
		{A99869A0-5B43-4F34-9BA1-532A6E75040A}.Release|Mixed Platforms.Build.0 = Release|Any CPU
		{A99869A0-5B43-4F34-9BA1-532A6E75040A}.Release|x86.ActiveCfg = Release|Any CPU
	EndGlobalSection
	GlobalSection(SolutionProperties) = preSolution
		HideSolutionNode = FALSE
	EndGlobalSection
	GlobalSection(NestedProjects) = preSolution
		{C79C19B9-D62C-4892-A106-FE0B52B1D6E4} = {9F807C3D-9B30-4238-A0EF-641A083BCBBD}
		{C9A21643-7BD7-4B8D-91E3-52F1D96CA1AF} = {9F807C3D-9B30-4238-A0EF-641A083BCBBD}
		{4A09EEA0-718F-4D13-83CF-9EBF613DC1DF} = {9F807C3D-9B30-4238-A0EF-641A083BCBBD}
		{76855101-619B-44CA-B6EE-131435CF9004} = {9F807C3D-9B30-4238-A0EF-641A083BCBBD}
	EndGlobalSection
EndGlobal
